
Microsoft Visual Studio Solution File, Format Version 12.00
# Visual Studio Version 17
VisualStudioVersion = 17.1.32421.90
MinimumVisualStudioVersion = 10.0.40219.1
Project("{FAE04EC0-301F-11D3-BF4B-00C04F79EFBC}") = "RemoSharpMainCanvasManager", "RemoSharpMainCanvasManager\RemoSharpMainCanvasManager.csproj", "{EAC3797A-4613-41CB-A5C7-530899EA2BAC}"
EndProject
Global
	GlobalSection(SolutionConfigurationPlatforms) = preSolution
		Debug|Any CPU = Debug|Any CPU
		Release|Any CPU = Release|Any CPU
	EndGlobalSection
	GlobalSection(ProjectConfigurationPlatforms) = postSolution
		{EAC3797A-4613-41CB-A5C7-530899EA2BAC}.Debug|Any CPU.ActiveCfg = Debug|Any CPU
		{EAC3797A-4613-41CB-A5C7-530899EA2BAC}.Debug|Any CPU.Build.0 = Debug|Any CPU
		{EAC3797A-4613-41CB-A5C7-530899EA2BAC}.Release|Any CPU.ActiveCfg = Release|Any CPU
		{EAC3797A-4613-41CB-A5C7-530899EA2BAC}.Release|Any CPU.Build.0 = Release|Any CPU
	EndGlobalSection
	GlobalSection(SolutionProperties) = preSolution
		HideSolutionNode = FALSE
	EndGlobalSection
	GlobalSection(ExtensibilityGlobals) = postSolution
		SolutionGuid = {C85268E6-61BF-4074-B926-94A07A29BD85}
	EndGlobalSection
EndGlobal
